
Microsoft Visual Studio Solution File, Format Version 12.00
# Visual Studio Version 17
VisualStudioVersion = 17.9.34723.18
MinimumVisualStudioVersion = 10.0.40219.1
Project("{9A19103F-16F7-4668-BE54-9A1E7A4F7556}") = "Forum.Core", "Forum.Core\Forum.Core.csproj", "{A548D139-3575-45D5-8F48-5ADDC2180280}"
EndProject
Project("{9A19103F-16F7-4668-BE54-9A1E7A4F7556}") = "Forum.Data", "Forum.Data\Forum.Data.csproj", "{940ACEA0-62CF-4238-A922-18ADBED274AF}"
EndProject
Project("{9A19103F-16F7-4668-BE54-9A1E7A4F7556}") = "Forum.Entity", "Forum.Entity\Forum.Entity.csproj", "{F00C245D-51BA-4BF7-9256-8D2773965777}"
EndProject
Project("{9A19103F-16F7-4668-BE54-9A1E7A4F7556}") = "Forum.Service", "Service\Forum.Service.csproj", "{1AE8C0BE-9B27-4F49-A68C-442C03EC56A0}"
EndProject
Project("{9A19103F-16F7-4668-BE54-9A1E7A4F7556}") = "Forum.Api", "Forum.Api\Forum.Api.csproj", "{D97ECA97-CBA5-466B-8E77-3114BCD10992}"
EndProject
Global
	GlobalSection(SolutionConfigurationPlatforms) = preSolution
		Debug|Any CPU = Debug|Any CPU
		Release|Any CPU = Release|Any CPU
	EndGlobalSection
	GlobalSection(ProjectConfigurationPlatforms) = postSolution
		{A548D139-3575-45D5-8F48-5ADDC2180280}.Debug|Any CPU.ActiveCfg = Debug|Any CPU
		{A548D139-3575-45D5-8F48-5ADDC2180280}.Debug|Any CPU.Build.0 = Debug|Any CPU
		{A548D139-3575-45D5-8F48-5ADDC2180280}.Release|Any CPU.ActiveCfg = Release|Any CPU
		{A548D139-3575-45D5-8F48-5ADDC2180280}.Release|Any CPU.Build.0 = Release|Any CPU
		{940ACEA0-62CF-4238-A922-18ADBED274AF}.Debug|Any CPU.ActiveCfg = Debug|Any CPU
		{940ACEA0-62CF-4238-A922-18ADBED274AF}.Debug|Any CPU.Build.0 = Debug|Any CPU
		{940ACEA0-62CF-4238-A922-18ADBED274AF}.Release|Any CPU.ActiveCfg = Release|Any CPU
		{940ACEA0-62CF-4238-A922-18ADBED274AF}.Release|Any CPU.Build.0 = Release|Any CPU
		{F00C245D-51BA-4BF7-9256-8D2773965777}.Debug|Any CPU.ActiveCfg = Debug|Any CPU
		{F00C245D-51BA-4BF7-9256-8D2773965777}.Debug|Any CPU.Build.0 = Debug|Any CPU
		{F00C245D-51BA-4BF7-9256-8D2773965777}.Release|Any CPU.ActiveCfg = Release|Any CPU
		{F00C245D-51BA-4BF7-9256-8D2773965777}.Release|Any CPU.Build.0 = Release|Any CPU
		{1AE8C0BE-9B27-4F49-A68C-442C03EC56A0}.Debug|Any CPU.ActiveCfg = Debug|Any CPU
		{1AE8C0BE-9B27-4F49-A68C-442C03EC56A0}.Debug|Any CPU.Build.0 = Debug|Any CPU
		{1AE8C0BE-9B27-4F49-A68C-442C03EC56A0}.Release|Any CPU.ActiveCfg = Release|Any CPU
		{1AE8C0BE-9B27-4F49-A68C-442C03EC56A0}.Release|Any CPU.Build.0 = Release|Any CPU
		{D97ECA97-CBA5-466B-8E77-3114BCD10992}.Debug|Any CPU.ActiveCfg = Debug|Any CPU
		{D97ECA97-CBA5-466B-8E77-3114BCD10992}.Debug|Any CPU.Build.0 = Debug|Any CPU
		{D97ECA97-CBA5-466B-8E77-3114BCD10992}.Release|Any CPU.ActiveCfg = Release|Any CPU
		{D97ECA97-CBA5-466B-8E77-3114BCD10992}.Release|Any CPU.Build.0 = Release|Any CPU
	EndGlobalSection
	GlobalSection(SolutionProperties) = preSolution
		HideSolutionNode = FALSE
	EndGlobalSection
	GlobalSection(ExtensibilityGlobals) = postSolution
		SolutionGuid = {0EF2DF9C-A0B4-4EFE-A302-3FA941F5ADB7}
	EndGlobalSection
EndGlobal
